// !$*UTF8*$!
{
	archiveVersion = 1;
	classes = {
	};
	objectVersion = 50;
	objects = {

/* Begin PBXBuildFile section */
		743E7E2B20EE014F00172A64 /* SortMovies.h in Headers */ = {isa = PBXBuildFile; fileRef = 743E7E2A20EE014F00172A64 /* SortMovies.h */; settings = {ATTRIBUTES = (Public, ); }; };
		743E7E2D20EE016300172A64 /* SortMovies.c in Sources */ = {isa = PBXBuildFile; fileRef = 743E7E2C20EE016300172A64 /* SortMovies.c */; };
		743E7E2F20EE018100172A64 /* MovieInfo.h in Headers */ = {isa = PBXBuildFile; fileRef = 743E7E2E20EE018100172A64 /* MovieInfo.h */; settings = {ATTRIBUTES = (Public, ); }; };
		743E7E6920F1327300172A64 /* SortMoviesTest.m in Sources */ = {isa = PBXBuildFile; fileRef = 743E7E6820F1327300172A64 /* SortMoviesTest.m */; };
		743E7E6E20F134C600172A64 /* SortMovies.c in Sources */ = {isa = PBXBuildFile; fileRef = 743E7E2C20EE016300172A64 /* SortMovies.c */; };
/* End PBXBuildFile section */

/* Begin PBXFileReference section */
		743E7E2320EE013900172A64 /* libSortMovies.a */ = {isa = PBXFileReference; explicitFileType = archive.ar; includeInIndex = 0; path = libSortMovies.a; sourceTree = BUILT_PRODUCTS_DIR; };
		743E7E2A20EE014F00172A64 /* SortMovies.h */ = {isa = PBXFileReference; lastKnownFileType = sourcecode.c.h; path = SortMovies.h; sourceTree = "<group>"; };
		743E7E2C20EE016300172A64 /* SortMovies.c */ = {isa = PBXFileReference; lastKnownFileType = sourcecode.c.c; path = SortMovies.c; sourceTree = "<group>"; };
		743E7E2E20EE018100172A64 /* MovieInfo.h */ = {isa = PBXFileReference; fileEncoding = 4; lastKnownFileType = sourcecode.c.h; path = MovieInfo.h; sourceTree = "<group>"; };
		743E7E6620F1327300172A64 /* SortMoviesTest.xctest */ = {isa = PBXFileReference; explicitFileType = wrapper.cfbundle; includeInIndex = 0; path = SortMoviesTest.xctest; sourceTree = BUILT_PRODUCTS_DIR; };
		743E7E6820F1327300172A64 /* SortMoviesTest.m */ = {isa = PBXFileReference; lastKnownFileType = sourcecode.c.objc; path = SortMoviesTest.m; sourceTree = "<group>"; };
		743E7E6A20F1327300172A64 /* Info.plist */ = {isa = PBXFileReference; lastKnownFileType = text.plist.xml; path = Info.plist; sourceTree = "<group>"; };
/* End PBXFileReference section */

/* Begin PBXFrameworksBuildPhase section */
		743E7E2020EE013900172A64 /* Frameworks */ = {
			isa = PBXFrameworksBuildPhase;
			buildActionMask = 2147483647;
			files = (
			);
			runOnlyForDeploymentPostprocessing = 0;
		};
		743E7E6320F1327300172A64 /* Frameworks */ = {
			isa = PBXFrameworksBuildPhase;
			buildActionMask = 2147483647;
			files = (
			);
			runOnlyForDeploymentPostprocessing = 0;
		};
/* End PBXFrameworksBuildPhase section */

/* Begin PBXGroup section */
		743E7E1A20EE013900172A64 = {
			isa = PBXGroup;
			children = (
				743E7E2C20EE016300172A64 /* SortMovies.c */,
				743E7E2A20EE014F00172A64 /* SortMovies.h */,
				743E7E2E20EE018100172A64 /* MovieInfo.h */,
				743E7E6720F1327300172A64 /* SortMoviesTest */,
				743E7E2420EE013900172A64 /* Products */,
			);
			sourceTree = "<group>";
		};
		743E7E2420EE013900172A64 /* Products */ = {
			isa = PBXGroup;
			children = (
				743E7E2320EE013900172A64 /* libSortMovies.a */,
				743E7E6620F1327300172A64 /* SortMoviesTest.xctest */,
			);
			name = Products;
			sourceTree = "<group>";
		};
		743E7E6720F1327300172A64 /* SortMoviesTest */ = {
			isa = PBXGroup;
			children = (
				743E7E6820F1327300172A64 /* SortMoviesTest.m */,
				743E7E6A20F1327300172A64 /* Info.plist */,
			);
			path = SortMoviesTest;
			sourceTree = "<group>";
		};
/* End PBXGroup section */

/* Begin PBXHeadersBuildPhase section */
		743E7E2120EE013900172A64 /* Headers */ = {
			isa = PBXHeadersBuildPhase;
			buildActionMask = 2147483647;
			files = (
				743E7E2B20EE014F00172A64 /* SortMovies.h in Headers */,
				743E7E2F20EE018100172A64 /* MovieInfo.h in Headers */,
			);
			runOnlyForDeploymentPostprocessing = 0;
		};
/* End PBXHeadersBuildPhase section */

/* Begin PBXNativeTarget section */
		743E7E2220EE013900172A64 /* SortMovies */ = {
			isa = PBXNativeTarget;
			buildConfigurationList = 743E7E2720EE013900172A64 /* Build configuration list for PBXNativeTarget "SortMovies" */;
			buildPhases = (
				743E7E1F20EE013900172A64 /* Sources */,
				743E7E2020EE013900172A64 /* Frameworks */,
				743E7E2120EE013900172A64 /* Headers */,
			);
			buildRules = (
			);
			dependencies = (
			);
			name = SortMovies;
			productName = SortMovies;
			productReference = 743E7E2320EE013900172A64 /* libSortMovies.a */;
			productType = "com.apple.product-type.library.static";
		};
		743E7E6520F1327300172A64 /* SortMoviesTest */ = {
			isa = PBXNativeTarget;
			buildConfigurationList = 743E7E6D20F1327300172A64 /* Build configuration list for PBXNativeTarget "SortMoviesTest" */;
			buildPhases = (
				743E7E6220F1327300172A64 /* Sources */,
				743E7E6320F1327300172A64 /* Frameworks */,
				743E7E6420F1327300172A64 /* Resources */,
			);
			buildRules = (
			);
			dependencies = (
			);
			name = SortMoviesTest;
			productName = SortMoviesTest;
			productReference = 743E7E6620F1327300172A64 /* SortMoviesTest.xctest */;
			productType = "com.apple.product-type.bundle.unit-test";
		};
/* End PBXNativeTarget section */

/* Begin PBXProject section */
		743E7E1B20EE013900172A64 /* Project object */ = {
			isa = PBXProject;
			attributes = {
				LastUpgradeCheck = 0940;
				ORGANIZATIONNAME = Assignment;
				TargetAttributes = {
					743E7E2220EE013900172A64 = {
						CreatedOnToolsVersion = 9.4.1;
					};
					743E7E6520F1327300172A64 = {
						CreatedOnToolsVersion = 9.4.1;
					};
				};
			};
			buildConfigurationList = 743E7E1E20EE013900172A64 /* Build configuration list for PBXProject "SortMovies" */;
			compatibilityVersion = "Xcode 9.3";
			developmentRegion = en;
			hasScannedForEncodings = 0;
			knownRegions = (
				en,
			);
			mainGroup = 743E7E1A20EE013900172A64;
			productRefGroup = 743E7E2420EE013900172A64 /* Products */;
			projectDirPath = "";
			projectRoot = "";
			targets = (
				743E7E2220EE013900172A64 /* SortMovies */,
				743E7E6520F1327300172A64 /* SortMoviesTest */,
			);
		};
/* End PBXProject section */

/* Begin PBXResourcesBuildPhase section */
		743E7E6420F1327300172A64 /* Resources */ = {
			isa = PBXResourcesBuildPhase;
			buildActionMask = 2147483647;
			files = (
			);
			runOnlyForDeploymentPostprocessing = 0;
		};
/* End PBXResourcesBuildPhase section */

/* Begin PBXSourcesBuildPhase section */
		743E7E1F20EE013900172A64 /* Sources */ = {
			isa = PBXSourcesBuildPhase;
			buildActionMask = 2147483647;
			files = (
				743E7E2D20EE016300172A64 /* SortMovies.c in Sources */,
			);
			runOnlyForDeploymentPostprocessing = 0;
		};
		743E7E6220F1327300172A64 /* Sources */ = {
			isa = PBXSourcesBuildPhase;
			buildActionMask = 2147483647;
			files = (
				743E7E6E20F134C600172A64 /* SortMovies.c in Sources */,
				743E7E6920F1327300172A64 /* SortMoviesTest.m in Sources */,
			);
			runOnlyForDeploymentPostprocessing = 0;
		};
/* End PBXSourcesBuildPhase section */

/* Begin XCBuildConfiguration section */
		743E7E2520EE013900172A64 /* Debug */ = {
			isa = XCBuildConfiguration;
			buildSettings = {
				ALWAYS_SEARCH_USER_PATHS = NO;
				CLANG_ANALYZER_NONNULL = YES;
				CLANG_ANALYZER_NUMBER_OBJECT_CONVERSION = YES_AGGRESSIVE;
				CLANG_CXX_LANGUAGE_STANDARD = "gnu++14";
				CLANG_CXX_LIBRARY = "libc++";
				CLANG_ENABLE_MODULES = YES;
				CLANG_ENABLE_OBJC_ARC = YES;
				CLANG_ENABLE_OBJC_WEAK = YES;
				CLANG_WARN_BLOCK_CAPTURE_AUTORELEASING = YES;
				CLANG_WARN_BOOL_CONVERSION = YES;
				CLANG_WARN_COMMA = YES;
				CLANG_WARN_CONSTANT_CONVERSION = YES;
				CLANG_WARN_DEPRECATED_OBJC_IMPLEMENTATIONS = YES;
				CLANG_WARN_DIRECT_OBJC_ISA_USAGE = YES_ERROR;
				CLANG_WARN_DOCUMENTATION_COMMENTS = YES;
				CLANG_WARN_EMPTY_BODY = YES;
				CLANG_WARN_ENUM_CONVERSION = YES;
				CLANG_WARN_INFINITE_RECURSION = YES;
				CLANG_WARN_INT_CONVERSION = YES;
				CLANG_WARN_NON_LITERAL_NULL_CONVERSION = YES;
				CLANG_WARN_OBJC_IMPLICIT_RETAIN_SELF = YES;
				CLANG_WARN_OBJC_LITERAL_CONVERSION = YES;
				CLANG_WARN_OBJC_ROOT_CLASS = YES_ERROR;
				CLANG_WARN_RANGE_LOOP_ANALYSIS = YES;
				CLANG_WARN_STRICT_PROTOTYPES = YES;
				CLANG_WARN_SUSPICIOUS_MOVE = YES;
				CLANG_WARN_UNGUARDED_AVAILABILITY = YES_AGGRESSIVE;
				CLANG_WARN_UNREACHABLE_CODE = YES;
				CLANG_WARN__DUPLICATE_METHOD_MATCH = YES;
				CODE_SIGN_IDENTITY = "Mac Developer";
				COPY_PHASE_STRIP = NO;
				DEBUG_INFORMATION_FORMAT = dwarf;
				ENABLE_STRICT_OBJC_MSGSEND = YES;
				ENABLE_TESTABILITY = YES;
				GCC_C_LANGUAGE_STANDARD = gnu11;
				GCC_DYNAMIC_NO_PIC = NO;
				GCC_NO_COMMON_BLOCKS = YES;
				GCC_OPTIMIZATION_LEVEL = 0;
				GCC_PREPROCESSOR_DEFINITIONS = (
					"DEBUG=1",
					"$(inherited)",
				);
				GCC_WARN_64_TO_32_BIT_CONVERSION = YES;
				GCC_WARN_ABOUT_RETURN_TYPE = YES_ERROR;
				GCC_WARN_UNDECLARED_SELECTOR = YES;
				GCC_WARN_UNINITIALIZED_AUTOS = YES_AGGRESSIVE;
				GCC_WARN_UNUSED_FUNCTION = YES;
				GCC_WARN_UNUSED_VARIABLE = YES;
				MACOSX_DEPLOYMENT_TARGET = 10.13;
				MTL_ENABLE_DEBUG_INFO = YES;
				ONLY_ACTIVE_ARCH = YES;
				SDKROOT = macosx;
			};
			name = Debug;
		};
		743E7E2620EE013900172A64 /* Release */ = {
			isa = XCBuildConfiguration;
			buildSettings = {
				ALWAYS_SEARCH_USER_PATHS = NO;
				CLANG_ANALYZER_NONNULL = YES;
				CLANG_ANALYZER_NUMBER_OBJECT_CONVERSION = YES_AGGRESSIVE;
				CLANG_CXX_LANGUAGE_STANDARD = "gnu++14";
				CLANG_CXX_LIBRARY = "libc++";
				CLANG_ENABLE_MODULES = YES;
				CLANG_ENABLE_OBJC_ARC = YES;
				CLANG_ENABLE_OBJC_WEAK = YES;
				CLANG_WARN_BLOCK_CAPTURE_AUTORELEASING = YES;
				CLANG_WARN_BOOL_CONVERSION = YES;
				CLANG_WARN_COMMA = YES;
				CLANG_WARN_CONSTANT_CONVERSION = YES;
				CLANG_WARN_DEPRECATED_OBJC_IMPLEMENTATIONS = YES;
				CLANG_WARN_DIRECT_OBJC_ISA_USAGE = YES_ERROR;
				CLANG_WARN_DOCUMENTATION_COMMENTS = YES;
				CLANG_WARN_EMPTY_BODY = YES;
				CLANG_WARN_ENUM_CONVERSION = YES;
				CLANG_WARN_INFINITE_RECURSION = YES;
				CLANG_WARN_INT_CONVERSION = YES;
				CLANG_WARN_NON_LITERAL_NULL_CONVERSION = YES;
				CLANG_WARN_OBJC_IMPLICIT_RETAIN_SELF = YES;
				CLANG_WARN_OBJC_LITERAL_CONVERSION = YES;
				CLANG_WARN_OBJC_ROOT_CLASS = YES_ERROR;
				CLANG_WARN_RANGE_LOOP_ANALYSIS = YES;
				CLANG_WARN_STRICT_PROTOTYPES = YES;
				CLANG_WARN_SUSPICIOUS_MOVE = YES;
				CLANG_WARN_UNGUARDED_AVAILABILITY = YES_AGGRESSIVE;
				CLANG_WARN_UNREACHABLE_CODE = YES;
				CLANG_WARN__DUPLICATE_METHOD_MATCH = YES;
				CODE_SIGN_IDENTITY = "Mac Developer";
				COPY_PHASE_STRIP = NO;
				DEBUG_INFORMATION_FORMAT = "dwarf-with-dsym";
				ENABLE_NS_ASSERTIONS = NO;
				ENABLE_STRICT_OBJC_MSGSEND = YES;
				GCC_C_LANGUAGE_STANDARD = gnu11;
				GCC_NO_COMMON_BLOCKS = YES;
				GCC_WARN_64_TO_32_BIT_CONVERSION = YES;
				GCC_WARN_ABOUT_RETURN_TYPE = YES_ERROR;
				GCC_WARN_UNDECLARED_SELECTOR = YES;
				GCC_WARN_UNINITIALIZED_AUTOS = YES_AGGRESSIVE;
				GCC_WARN_UNUSED_FUNCTION = YES;
				GCC_WARN_UNUSED_VARIABLE = YES;
				MACOSX_DEPLOYMENT_TARGET = 10.13;
				MTL_ENABLE_DEBUG_INFO = NO;
				SDKROOT = macosx;
			};
			name = Release;
		};
		743E7E2820EE013900172A64 /* Debug */ = {
			isa = XCBuildConfiguration;
			buildSettings = {
				CODE_SIGN_STYLE = Automatic;
				DEVELOPMENT_TEAM = KY5H56A523;
				EXECUTABLE_PREFIX = lib;
				PRODUCT_NAME = "$(TARGET_NAME)";
				SKIP_INSTALL = YES;
				SUPPORTED_PLATFORMS = "iphonesimulator iphoneos";
			};
			name = Debug;
		};
		743E7E2920EE013900172A64 /* Release */ = {
			isa = XCBuildConfiguration;
			buildSettings = {
				CODE_SIGN_STYLE = Automatic;
				DEVELOPMENT_TEAM = KY5H56A523;
				EXECUTABLE_PREFIX = lib;
				PRODUCT_NAME = "$(TARGET_NAME)";
				SKIP_INSTALL = YES;
				SUPPORTED_PLATFORMS = "iphonesimulator iphoneos";
			};
			name = Release;
		};
		743E7E6B20F1327300172A64 /* Debug */ = {
			isa = XCBuildConfiguration;
			buildSettings = {
				CODE_SIGN_IDENTITY = "iPhone Developer";
				CODE_SIGN_STYLE = Automatic;
				DEVELOPMENT_TEAM = KY5H56A523;
				INFOPLIST_FILE = SortMoviesTest/Info.plist;
				IPHONEOS_DEPLOYMENT_TARGET = 11.4;
				LD_RUNPATH_SEARCH_PATHS = (
					"$(inherited)",
					"@executable_path/Frameworks",
					"@loader_path/Frameworks",
				);
				PRODUCT_BUNDLE_IDENTIFIER = com.assignment.SortMoviesTest;
				PRODUCT_NAME = "$(TARGET_NAME)";
				SDKROOT = iphoneos;
				TARGETED_DEVICE_FAMILY = "1,2";
			};
			name = Debug;
		};
		743E7E6C20F1327300172A64 /* Release */ = {
			isa = XCBuildConfiguration;
			buildSettings = {
				CODE_SIGN_IDENTITY = "iPhone Developer";
				CODE_SIGN_STYLE = Automatic;
				DEVELOPMENT_TEAM = KY5H56A523;
				INFOPLIST_FILE = SortMoviesTest/Info.plist;
				IPHONEOS_DEPLOYMENT_TARGET = 11.4;
				LD_RUNPATH_SEARCH_PATHS = (
					"$(inherited)",
					"@executable_path/Frameworks",
					"@loader_path/Frameworks",
				);
				PRODUCT_BUNDLE_IDENTIFIER = com.assignment.SortMoviesTest;
				PRODUCT_NAME = "$(TARGET_NAME)";
				SDKROOT = iphoneos;
				TARGETED_DEVICE_FAMILY = "1,2";
				VALIDATE_PRODUCT = YES;
			};
			name = Release;
		};
/* End XCBuildConfiguration section */

/* Begin XCConfigurationList section */
		743E7E1E20EE013900172A64 /* Build configuration list for PBXProject "SortMovies" */ = {
			isa = XCConfigurationList;
			buildConfigurations = (
				743E7E2520EE013900172A64 /* Debug */,
				743E7E2620EE013900172A64 /* Release */,
			);
			defaultConfigurationIsVisible = 0;
			defaultConfigurationName = Release;
		};
		743E7E2720EE013900172A64 /* Build configuration list for PBXNativeTarget "SortMovies" */ = {
			isa = XCConfigurationList;
			buildConfigurations = (
				743E7E2820EE013900172A64 /* Debug */,
				743E7E2920EE013900172A64 /* Release */,
			);
			defaultConfigurationIsVisible = 0;
			defaultConfigurationName = Release;
		};
		743E7E6D20F1327300172A64 /* Build configuration list for PBXNativeTarget "SortMoviesTest" */ = {
			isa = XCConfigurationList;
			buildConfigurations = (
				743E7E6B20F1327300172A64 /* Debug */,
				743E7E6C20F1327300172A64 /* Release */,
			);
			defaultConfigurationIsVisible = 0;
			defaultConfigurationName = Release;
		};
/* End XCConfigurationList section */
	};
	rootObject = 743E7E1B20EE013900172A64 /* Project object */;
}
