// !$*UTF8*$!
{
	archiveVersion = 1;
	classes = {
	};
	objectVersion = 50;
	objects = {

/* Begin PBXBuildFile section */
		6A3B1FF520F20E76004AB127 /* MovieDetailsViewController.swift in Sources */ = {isa = PBXBuildFile; fileRef = 6A3B1FF420F20E76004AB127 /* MovieDetailsViewController.swift */; };
		743E7DD420EC8AEB00172A64 /* AppDelegate.swift in Sources */ = {isa = PBXBuildFile; fileRef = 743E7DD320EC8AEB00172A64 /* AppDelegate.swift */; };
		743E7DD620EC8AEB00172A64 /* ViewController.swift in Sources */ = {isa = PBXBuildFile; fileRef = 743E7DD520EC8AEB00172A64 /* ViewController.swift */; };
		743E7DD920EC8AEB00172A64 /* Main.storyboard in Resources */ = {isa = PBXBuildFile; fileRef = 743E7DD720EC8AEB00172A64 /* Main.storyboard */; };
		743E7DDB20EC8AEB00172A64 /* Assets.xcassets in Resources */ = {isa = PBXBuildFile; fileRef = 743E7DDA20EC8AEB00172A64 /* Assets.xcassets */; };
		743E7DDE20EC8AEB00172A64 /* LaunchScreen.storyboard in Resources */ = {isa = PBXBuildFile; fileRef = 743E7DDC20EC8AEB00172A64 /* LaunchScreen.storyboard */; };
		743E7DE920EC8AEC00172A64 /* MoviesAppTests.swift in Sources */ = {isa = PBXBuildFile; fileRef = 743E7DE820EC8AEC00172A64 /* MoviesAppTests.swift */; };
		743E7DFC20EC8BC200172A64 /* MoviesKit.framework in Frameworks */ = {isa = PBXBuildFile; fileRef = 743E7DF920EC8BA200172A64 /* MoviesKit.framework */; };
		743E7DFD20EC8BC200172A64 /* MoviesKit.framework in Embed Frameworks */ = {isa = PBXBuildFile; fileRef = 743E7DF920EC8BA200172A64 /* MoviesKit.framework */; settings = {ATTRIBUTES = (CodeSignOnCopy, RemoveHeadersOnCopy, ); }; };
		743E7E4020EF465200172A64 /* MovieCell.swift in Sources */ = {isa = PBXBuildFile; fileRef = 743E7E3F20EF465200172A64 /* MovieCell.swift */; };
		743E7E4520EFEEB400172A64 /* Crypto.swift in Sources */ = {isa = PBXBuildFile; fileRef = 743E7E4420EFEEB400172A64 /* Crypto.swift */; };
/* End PBXBuildFile section */

/* Begin PBXContainerItemProxy section */
		743E7DE520EC8AEC00172A64 /* PBXContainerItemProxy */ = {
			isa = PBXContainerItemProxy;
			containerPortal = 743E7DC820EC8AEB00172A64 /* Project object */;
			proxyType = 1;
			remoteGlobalIDString = 743E7DCF20EC8AEB00172A64;
			remoteInfo = MoviesApp;
		};
		743E7DF820EC8BA200172A64 /* PBXContainerItemProxy */ = {
			isa = PBXContainerItemProxy;
			containerPortal = 743E7DF320EC8BA200172A64 /* MoviesKit.xcodeproj */;
			proxyType = 2;
			remoteGlobalIDString = 743E7D6520EC7E6300172A64;
			remoteInfo = MoviesKit;
		};
		743E7DFA20EC8BA200172A64 /* PBXContainerItemProxy */ = {
			isa = PBXContainerItemProxy;
			containerPortal = 743E7DF320EC8BA200172A64 /* MoviesKit.xcodeproj */;
			proxyType = 2;
			remoteGlobalIDString = 743E7D6E20EC7E6300172A64;
			remoteInfo = MoviesKitTests;
		};
		743E7DFE20EC8BC200172A64 /* PBXContainerItemProxy */ = {
			isa = PBXContainerItemProxy;
			containerPortal = 743E7DF320EC8BA200172A64 /* MoviesKit.xcodeproj */;
			proxyType = 1;
			remoteGlobalIDString = 743E7D6420EC7E6300172A64;
			remoteInfo = MoviesKit;
		};
/* End PBXContainerItemProxy section */

/* Begin PBXCopyFilesBuildPhase section */
		743E7E0020EC8BC300172A64 /* Embed Frameworks */ = {
			isa = PBXCopyFilesBuildPhase;
			buildActionMask = 2147483647;
			dstPath = "";
			dstSubfolderSpec = 10;
			files = (
				743E7DFD20EC8BC200172A64 /* MoviesKit.framework in Embed Frameworks */,
			);
			name = "Embed Frameworks";
			runOnlyForDeploymentPostprocessing = 0;
		};
/* End PBXCopyFilesBuildPhase section */

/* Begin PBXFileReference section */
		6A3B1FF420F20E76004AB127 /* MovieDetailsViewController.swift */ = {isa = PBXFileReference; lastKnownFileType = sourcecode.swift; path = MovieDetailsViewController.swift; sourceTree = "<group>"; };
		743E7DD020EC8AEB00172A64 /* MoviesApp.app */ = {isa = PBXFileReference; explicitFileType = wrapper.application; includeInIndex = 0; path = MoviesApp.app; sourceTree = BUILT_PRODUCTS_DIR; };
		743E7DD320EC8AEB00172A64 /* AppDelegate.swift */ = {isa = PBXFileReference; lastKnownFileType = sourcecode.swift; path = AppDelegate.swift; sourceTree = "<group>"; };
		743E7DD520EC8AEB00172A64 /* ViewController.swift */ = {isa = PBXFileReference; lastKnownFileType = sourcecode.swift; path = ViewController.swift; sourceTree = "<group>"; };
		743E7DD820EC8AEB00172A64 /* Base */ = {isa = PBXFileReference; lastKnownFileType = file.storyboard; name = Base; path = Base.lproj/Main.storyboard; sourceTree = "<group>"; };
		743E7DDA20EC8AEB00172A64 /* Assets.xcassets */ = {isa = PBXFileReference; lastKnownFileType = folder.assetcatalog; path = Assets.xcassets; sourceTree = "<group>"; };
		743E7DDD20EC8AEB00172A64 /* Base */ = {isa = PBXFileReference; lastKnownFileType = file.storyboard; name = Base; path = Base.lproj/LaunchScreen.storyboard; sourceTree = "<group>"; };
		743E7DDF20EC8AEB00172A64 /* Info.plist */ = {isa = PBXFileReference; lastKnownFileType = text.plist.xml; path = Info.plist; sourceTree = "<group>"; };
		743E7DE420EC8AEC00172A64 /* MoviesAppTests.xctest */ = {isa = PBXFileReference; explicitFileType = wrapper.cfbundle; includeInIndex = 0; path = MoviesAppTests.xctest; sourceTree = BUILT_PRODUCTS_DIR; };
		743E7DE820EC8AEC00172A64 /* MoviesAppTests.swift */ = {isa = PBXFileReference; lastKnownFileType = sourcecode.swift; path = MoviesAppTests.swift; sourceTree = "<group>"; };
		743E7DEA20EC8AEC00172A64 /* Info.plist */ = {isa = PBXFileReference; lastKnownFileType = text.plist.xml; path = Info.plist; sourceTree = "<group>"; };
		743E7DF320EC8BA200172A64 /* MoviesKit.xcodeproj */ = {isa = PBXFileReference; lastKnownFileType = "wrapper.pb-project"; name = MoviesKit.xcodeproj; path = ../MoviesKit/MoviesKit.xcodeproj; sourceTree = "<group>"; };
		743E7E3F20EF465200172A64 /* MovieCell.swift */ = {isa = PBXFileReference; lastKnownFileType = sourcecode.swift; path = MovieCell.swift; sourceTree = "<group>"; };
		743E7E4420EFEEB400172A64 /* Crypto.swift */ = {isa = PBXFileReference; lastKnownFileType = sourcecode.swift; path = Crypto.swift; sourceTree = "<group>"; };
/* End PBXFileReference section */

/* Begin PBXFrameworksBuildPhase section */
		743E7DCD20EC8AEB00172A64 /* Frameworks */ = {
			isa = PBXFrameworksBuildPhase;
			buildActionMask = 2147483647;
			files = (
				743E7DFC20EC8BC200172A64 /* MoviesKit.framework in Frameworks */,
			);
			runOnlyForDeploymentPostprocessing = 0;
		};
		743E7DE120EC8AEC00172A64 /* Frameworks */ = {
			isa = PBXFrameworksBuildPhase;
			buildActionMask = 2147483647;
			files = (
			);
			runOnlyForDeploymentPostprocessing = 0;
		};
/* End PBXFrameworksBuildPhase section */

/* Begin PBXGroup section */
		743E7DC720EC8AEB00172A64 = {
			isa = PBXGroup;
			children = (
				743E7DF320EC8BA200172A64 /* MoviesKit.xcodeproj */,
				743E7DD220EC8AEB00172A64 /* MoviesApp */,
				743E7DE720EC8AEC00172A64 /* MoviesAppTests */,
				743E7DD120EC8AEB00172A64 /* Products */,
			);
			sourceTree = "<group>";
		};
		743E7DD120EC8AEB00172A64 /* Products */ = {
			isa = PBXGroup;
			children = (
				743E7DD020EC8AEB00172A64 /* MoviesApp.app */,
				743E7DE420EC8AEC00172A64 /* MoviesAppTests.xctest */,
			);
			name = Products;
			sourceTree = "<group>";
		};
		743E7DD220EC8AEB00172A64 /* MoviesApp */ = {
			isa = PBXGroup;
			children = (
				743E7DD320EC8AEB00172A64 /* AppDelegate.swift */,
				743E7DD520EC8AEB00172A64 /* ViewController.swift */,
				6A3B1FF420F20E76004AB127 /* MovieDetailsViewController.swift */,
				743E7E4420EFEEB400172A64 /* Crypto.swift */,
				743E7E3F20EF465200172A64 /* MovieCell.swift */,
				743E7DD720EC8AEB00172A64 /* Main.storyboard */,
				743E7DDA20EC8AEB00172A64 /* Assets.xcassets */,
				743E7DDC20EC8AEB00172A64 /* LaunchScreen.storyboard */,
				743E7DDF20EC8AEB00172A64 /* Info.plist */,
			);
			path = MoviesApp;
			sourceTree = "<group>";
		};
		743E7DE720EC8AEC00172A64 /* MoviesAppTests */ = {
			isa = PBXGroup;
			children = (
				743E7DE820EC8AEC00172A64 /* MoviesAppTests.swift */,
				743E7DEA20EC8AEC00172A64 /* Info.plist */,
			);
			path = MoviesAppTests;
			sourceTree = "<group>";
		};
		743E7DF420EC8BA200172A64 /* Products */ = {
			isa = PBXGroup;
			children = (
				743E7DF920EC8BA200172A64 /* MoviesKit.framework */,
				743E7DFB20EC8BA200172A64 /* MoviesKitTests.xctest */,
			);
			name = Products;
			sourceTree = "<group>";
		};
/* End PBXGroup section */

/* Begin PBXNativeTarget section */
		743E7DCF20EC8AEB00172A64 /* MoviesApp */ = {
			isa = PBXNativeTarget;
			buildConfigurationList = 743E7DED20EC8AEC00172A64 /* Build configuration list for PBXNativeTarget "MoviesApp" */;
			buildPhases = (
				743E7DCC20EC8AEB00172A64 /* Sources */,
				743E7DCD20EC8AEB00172A64 /* Frameworks */,
				743E7DCE20EC8AEB00172A64 /* Resources */,
				743E7E0020EC8BC300172A64 /* Embed Frameworks */,
			);
			buildRules = (
			);
			dependencies = (
				743E7DFF20EC8BC200172A64 /* PBXTargetDependency */,
			);
			name = MoviesApp;
			productName = MoviesApp;
			productReference = 743E7DD020EC8AEB00172A64 /* MoviesApp.app */;
			productType = "com.apple.product-type.application";
		};
		743E7DE320EC8AEC00172A64 /* MoviesAppTests */ = {
			isa = PBXNativeTarget;
			buildConfigurationList = 743E7DF020EC8AEC00172A64 /* Build configuration list for PBXNativeTarget "MoviesAppTests" */;
			buildPhases = (
				743E7DE020EC8AEC00172A64 /* Sources */,
				743E7DE120EC8AEC00172A64 /* Frameworks */,
				743E7DE220EC8AEC00172A64 /* Resources */,
			);
			buildRules = (
			);
			dependencies = (
				743E7DE620EC8AEC00172A64 /* PBXTargetDependency */,
			);
			name = MoviesAppTests;
			productName = MoviesAppTests;
			productReference = 743E7DE420EC8AEC00172A64 /* MoviesAppTests.xctest */;
			productType = "com.apple.product-type.bundle.unit-test";
		};
/* End PBXNativeTarget section */

/* Begin PBXProject section */
		743E7DC820EC8AEB00172A64 /* Project object */ = {
			isa = PBXProject;
			attributes = {
				LastSwiftUpdateCheck = 0940;
				LastUpgradeCheck = 0940;
				ORGANIZATIONNAME = Assignment;
				TargetAttributes = {
					743E7DCF20EC8AEB00172A64 = {
						CreatedOnToolsVersion = 9.4.1;
					};
					743E7DE320EC8AEC00172A64 = {
						CreatedOnToolsVersion = 9.4.1;
						TestTargetID = 743E7DCF20EC8AEB00172A64;
					};
				};
			};
			buildConfigurationList = 743E7DCB20EC8AEB00172A64 /* Build configuration list for PBXProject "MoviesApp" */;
			compatibilityVersion = "Xcode 9.3";
			developmentRegion = en;
			hasScannedForEncodings = 0;
			knownRegions = (
				en,
				Base,
			);
			mainGroup = 743E7DC720EC8AEB00172A64;
			productRefGroup = 743E7DD120EC8AEB00172A64 /* Products */;
			projectDirPath = "";
			projectReferences = (
				{
					ProductGroup = 743E7DF420EC8BA200172A64 /* Products */;
					ProjectRef = 743E7DF320EC8BA200172A64 /* MoviesKit.xcodeproj */;
				},
			);
			projectRoot = "";
			targets = (
				743E7DCF20EC8AEB00172A64 /* MoviesApp */,
				743E7DE320EC8AEC00172A64 /* MoviesAppTests */,
			);
		};
/* End PBXProject section */

/* Begin PBXReferenceProxy section */
		743E7DF920EC8BA200172A64 /* MoviesKit.framework */ = {
			isa = PBXReferenceProxy;
			fileType = wrapper.framework;
			path = MoviesKit.framework;
			remoteRef = 743E7DF820EC8BA200172A64 /* PBXContainerItemProxy */;
			sourceTree = BUILT_PRODUCTS_DIR;
		};
		743E7DFB20EC8BA200172A64 /* MoviesKitTests.xctest */ = {
			isa = PBXReferenceProxy;
			fileType = wrapper.cfbundle;
			path = MoviesKitTests.xctest;
			remoteRef = 743E7DFA20EC8BA200172A64 /* PBXContainerItemProxy */;
			sourceTree = BUILT_PRODUCTS_DIR;
		};
/* End PBXReferenceProxy section */

/* Begin PBXResourcesBuildPhase section */
		743E7DCE20EC8AEB00172A64 /* Resources */ = {
			isa = PBXResourcesBuildPhase;
			buildActionMask = 2147483647;
			files = (
				743E7DDE20EC8AEB00172A64 /* LaunchScreen.storyboard in Resources */,
				743E7DDB20EC8AEB00172A64 /* Assets.xcassets in Resources */,
				743E7DD920EC8AEB00172A64 /* Main.storyboard in Resources */,
			);
			runOnlyForDeploymentPostprocessing = 0;
		};
		743E7DE220EC8AEC00172A64 /* Resources */ = {
			isa = PBXResourcesBuildPhase;
			buildActionMask = 2147483647;
			files = (
			);
			runOnlyForDeploymentPostprocessing = 0;
		};
/* End PBXResourcesBuildPhase section */

/* Begin PBXSourcesBuildPhase section */
		743E7DCC20EC8AEB00172A64 /* Sources */ = {
			isa = PBXSourcesBuildPhase;
			buildActionMask = 2147483647;
			files = (
				6A3B1FF520F20E76004AB127 /* MovieDetailsViewController.swift in Sources */,
				743E7E4520EFEEB400172A64 /* Crypto.swift in Sources */,
				743E7DD620EC8AEB00172A64 /* ViewController.swift in Sources */,
				743E7DD420EC8AEB00172A64 /* AppDelegate.swift in Sources */,
				743E7E4020EF465200172A64 /* MovieCell.swift in Sources */,
			);
			runOnlyForDeploymentPostprocessing = 0;
		};
		743E7DE020EC8AEC00172A64 /* Sources */ = {
			isa = PBXSourcesBuildPhase;
			buildActionMask = 2147483647;
			files = (
				743E7DE920EC8AEC00172A64 /* MoviesAppTests.swift in Sources */,
			);
			runOnlyForDeploymentPostprocessing = 0;
		};
/* End PBXSourcesBuildPhase section */

/* Begin PBXTargetDependency section */
		743E7DE620EC8AEC00172A64 /* PBXTargetDependency */ = {
			isa = PBXTargetDependency;
			target = 743E7DCF20EC8AEB00172A64 /* MoviesApp */;
			targetProxy = 743E7DE520EC8AEC00172A64 /* PBXContainerItemProxy */;
		};
		743E7DFF20EC8BC200172A64 /* PBXTargetDependency */ = {
			isa = PBXTargetDependency;
			name = MoviesKit;
			targetProxy = 743E7DFE20EC8BC200172A64 /* PBXContainerItemProxy */;
		};
/* End PBXTargetDependency section */

/* Begin PBXVariantGroup section */
		743E7DD720EC8AEB00172A64 /* Main.storyboard */ = {
			isa = PBXVariantGroup;
			children = (
				743E7DD820EC8AEB00172A64 /* Base */,
			);
			name = Main.storyboard;
			sourceTree = "<group>";
		};
		743E7DDC20EC8AEB00172A64 /* LaunchScreen.storyboard */ = {
			isa = PBXVariantGroup;
			children = (
				743E7DDD20EC8AEB00172A64 /* Base */,
			);
			name = LaunchScreen.storyboard;
			sourceTree = "<group>";
		};
/* End PBXVariantGroup section */

/* Begin XCBuildConfiguration section */
		743E7DEB20EC8AEC00172A64 /* Debug */ = {
			isa = XCBuildConfiguration;
			buildSettings = {
				ALWAYS_SEARCH_USER_PATHS = NO;
				CLANG_ANALYZER_NONNULL = YES;
				CLANG_ANALYZER_NUMBER_OBJECT_CONVERSION = YES_AGGRESSIVE;
				CLANG_CXX_LANGUAGE_STANDARD = "gnu++14";
				CLANG_CXX_LIBRARY = "libc++";
				CLANG_ENABLE_MODULES = YES;
				CLANG_ENABLE_OBJC_ARC = YES;
				CLANG_ENABLE_OBJC_WEAK = YES;
				CLANG_WARN_BLOCK_CAPTURE_AUTORELEASING = YES;
				CLANG_WARN_BOOL_CONVERSION = YES;
				CLANG_WARN_COMMA = YES;
				CLANG_WARN_CONSTANT_CONVERSION = YES;
				CLANG_WARN_DEPRECATED_OBJC_IMPLEMENTATIONS = YES;
				CLANG_WARN_DIRECT_OBJC_ISA_USAGE = YES_ERROR;
				CLANG_WARN_DOCUMENTATION_COMMENTS = YES;
				CLANG_WARN_EMPTY_BODY = YES;
				CLANG_WARN_ENUM_CONVERSION = YES;
				CLANG_WARN_INFINITE_RECURSION = YES;
				CLANG_WARN_INT_CONVERSION = YES;
				CLANG_WARN_NON_LITERAL_NULL_CONVERSION = YES;
				CLANG_WARN_OBJC_IMPLICIT_RETAIN_SELF = YES;
				CLANG_WARN_OBJC_LITERAL_CONVERSION = YES;
				CLANG_WARN_OBJC_ROOT_CLASS = YES_ERROR;
				CLANG_WARN_RANGE_LOOP_ANALYSIS = YES;
				CLANG_WARN_STRICT_PROTOTYPES = YES;
				CLANG_WARN_SUSPICIOUS_MOVE = YES;
				CLANG_WARN_UNGUARDED_AVAILABILITY = YES_AGGRESSIVE;
				CLANG_WARN_UNREACHABLE_CODE = YES;
				CLANG_WARN__DUPLICATE_METHOD_MATCH = YES;
				CODE_SIGN_IDENTITY = "iPhone Developer";
				COPY_PHASE_STRIP = NO;
				DEBUG_INFORMATION_FORMAT = dwarf;
				ENABLE_STRICT_OBJC_MSGSEND = YES;
				ENABLE_TESTABILITY = YES;
				GCC_C_LANGUAGE_STANDARD = gnu11;
				GCC_DYNAMIC_NO_PIC = NO;
				GCC_NO_COMMON_BLOCKS = YES;
				GCC_OPTIMIZATION_LEVEL = 0;
				GCC_PREPROCESSOR_DEFINITIONS = (
					"DEBUG=1",
					"$(inherited)",
				);
				GCC_WARN_64_TO_32_BIT_CONVERSION = YES;
				GCC_WARN_ABOUT_RETURN_TYPE = YES_ERROR;
				GCC_WARN_UNDECLARED_SELECTOR = YES;
				GCC_WARN_UNINITIALIZED_AUTOS = YES_AGGRESSIVE;
				GCC_WARN_UNUSED_FUNCTION = YES;
				GCC_WARN_UNUSED_VARIABLE = YES;
				IPHONEOS_DEPLOYMENT_TARGET = 11.4;
				MTL_ENABLE_DEBUG_INFO = YES;
				ONLY_ACTIVE_ARCH = YES;
				SDKROOT = iphoneos;
				SWIFT_ACTIVE_COMPILATION_CONDITIONS = DEBUG;
				SWIFT_OPTIMIZATION_LEVEL = "-Onone";
			};
			name = Debug;
		};
		743E7DEC20EC8AEC00172A64 /* Release */ = {
			isa = XCBuildConfiguration;
			buildSettings = {
				ALWAYS_SEARCH_USER_PATHS = NO;
				CLANG_ANALYZER_NONNULL = YES;
				CLANG_ANALYZER_NUMBER_OBJECT_CONVERSION = YES_AGGRESSIVE;
				CLANG_CXX_LANGUAGE_STANDARD = "gnu++14";
				CLANG_CXX_LIBRARY = "libc++";
				CLANG_ENABLE_MODULES = YES;
				CLANG_ENABLE_OBJC_ARC = YES;
				CLANG_ENABLE_OBJC_WEAK = YES;
				CLANG_WARN_BLOCK_CAPTURE_AUTORELEASING = YES;
				CLANG_WARN_BOOL_CONVERSION = YES;
				CLANG_WARN_COMMA = YES;
				CLANG_WARN_CONSTANT_CONVERSION = YES;
				CLANG_WARN_DEPRECATED_OBJC_IMPLEMENTATIONS = YES;
				CLANG_WARN_DIRECT_OBJC_ISA_USAGE = YES_ERROR;
				CLANG_WARN_DOCUMENTATION_COMMENTS = YES;
				CLANG_WARN_EMPTY_BODY = YES;
				CLANG_WARN_ENUM_CONVERSION = YES;
				CLANG_WARN_INFINITE_RECURSION = YES;
				CLANG_WARN_INT_CONVERSION = YES;
				CLANG_WARN_NON_LITERAL_NULL_CONVERSION = YES;
				CLANG_WARN_OBJC_IMPLICIT_RETAIN_SELF = YES;
				CLANG_WARN_OBJC_LITERAL_CONVERSION = YES;
				CLANG_WARN_OBJC_ROOT_CLASS = YES_ERROR;
				CLANG_WARN_RANGE_LOOP_ANALYSIS = YES;
				CLANG_WARN_STRICT_PROTOTYPES = YES;
				CLANG_WARN_SUSPICIOUS_MOVE = YES;
				CLANG_WARN_UNGUARDED_AVAILABILITY = YES_AGGRESSIVE;
				CLANG_WARN_UNREACHABLE_CODE = YES;
				CLANG_WARN__DUPLICATE_METHOD_MATCH = YES;
				CODE_SIGN_IDENTITY = "iPhone Developer";
				COPY_PHASE_STRIP = NO;
				DEBUG_INFORMATION_FORMAT = "dwarf-with-dsym";
				ENABLE_NS_ASSERTIONS = NO;
				ENABLE_STRICT_OBJC_MSGSEND = YES;
				GCC_C_LANGUAGE_STANDARD = gnu11;
				GCC_NO_COMMON_BLOCKS = YES;
				GCC_WARN_64_TO_32_BIT_CONVERSION = YES;
				GCC_WARN_ABOUT_RETURN_TYPE = YES_ERROR;
				GCC_WARN_UNDECLARED_SELECTOR = YES;
				GCC_WARN_UNINITIALIZED_AUTOS = YES_AGGRESSIVE;
				GCC_WARN_UNUSED_FUNCTION = YES;
				GCC_WARN_UNUSED_VARIABLE = YES;
				IPHONEOS_DEPLOYMENT_TARGET = 11.4;
				MTL_ENABLE_DEBUG_INFO = NO;
				SDKROOT = iphoneos;
				SWIFT_COMPILATION_MODE = wholemodule;
				SWIFT_OPTIMIZATION_LEVEL = "-O";
				VALIDATE_PRODUCT = YES;
			};
			name = Release;
		};
		743E7DEE20EC8AEC00172A64 /* Debug */ = {
			isa = XCBuildConfiguration;
			buildSettings = {
				ASSETCATALOG_COMPILER_APPICON_NAME = AppIcon;
				CODE_SIGN_STYLE = Manual;
				DEVELOPMENT_TEAM = KY5H56A523;
				INFOPLIST_FILE = MoviesApp/Info.plist;
				LD_RUNPATH_SEARCH_PATHS = (
					"$(inherited)",
					"@executable_path/Frameworks",
				);
				PRODUCT_BUNDLE_IDENTIFIER = com.assignment.MoviesApp;
				PRODUCT_NAME = "$(TARGET_NAME)";
				PROVISIONING_PROFILE = "f1d66efe-83ff-4690-b3f3-5b368e6d3ec3";
				PROVISIONING_PROFILE_SPECIFIER = "Wild card development profile";
				SWIFT_VERSION = 4.0;
				TARGETED_DEVICE_FAMILY = "1,2";
			};
			name = Debug;
		};
		743E7DEF20EC8AEC00172A64 /* Release */ = {
			isa = XCBuildConfiguration;
			buildSettings = {
				ASSETCATALOG_COMPILER_APPICON_NAME = AppIcon;
				CODE_SIGN_STYLE = Manual;
				DEVELOPMENT_TEAM = KY5H56A523;
				INFOPLIST_FILE = MoviesApp/Info.plist;
				LD_RUNPATH_SEARCH_PATHS = (
					"$(inherited)",
					"@executable_path/Frameworks",
				);
				PRODUCT_BUNDLE_IDENTIFIER = com.assignment.MoviesApp;
				PRODUCT_NAME = "$(TARGET_NAME)";
				PROVISIONING_PROFILE = "f1d66efe-83ff-4690-b3f3-5b368e6d3ec3";
				PROVISIONING_PROFILE_SPECIFIER = "Wild card development profile";
				SWIFT_VERSION = 4.0;
				TARGETED_DEVICE_FAMILY = "1,2";
			};
			name = Release;
		};
		743E7DF120EC8AEC00172A64 /* Debug */ = {
			isa = XCBuildConfiguration;
			buildSettings = {
				ALWAYS_EMBED_SWIFT_STANDARD_LIBRARIES = YES;
				BUNDLE_LOADER = "$(TEST_HOST)";
				CODE_SIGN_STYLE = Automatic;
				DEVELOPMENT_TEAM = KY5H56A523;
				INFOPLIST_FILE = MoviesAppTests/Info.plist;
				LD_RUNPATH_SEARCH_PATHS = (
					"$(inherited)",
					"@executable_path/Frameworks",
					"@loader_path/Frameworks",
				);
				PRODUCT_BUNDLE_IDENTIFIER = com.assignment.MoviesAppTests;
				PRODUCT_NAME = "$(TARGET_NAME)";
				SWIFT_VERSION = 4.0;
				TARGETED_DEVICE_FAMILY = "1,2";
				TEST_HOST = "$(BUILT_PRODUCTS_DIR)/MoviesApp.app/MoviesApp";
			};
			name = Debug;
		};
		743E7DF220EC8AEC00172A64 /* Release */ = {
			isa = XCBuildConfiguration;
			buildSettings = {
				ALWAYS_EMBED_SWIFT_STANDARD_LIBRARIES = YES;
				BUNDLE_LOADER = "$(TEST_HOST)";
				CODE_SIGN_STYLE = Automatic;
				DEVELOPMENT_TEAM = KY5H56A523;
				INFOPLIST_FILE = MoviesAppTests/Info.plist;
				LD_RUNPATH_SEARCH_PATHS = (
					"$(inherited)",
					"@executable_path/Frameworks",
					"@loader_path/Frameworks",
				);
				PRODUCT_BUNDLE_IDENTIFIER = com.assignment.MoviesAppTests;
				PRODUCT_NAME = "$(TARGET_NAME)";
				SWIFT_VERSION = 4.0;
				TARGETED_DEVICE_FAMILY = "1,2";
				TEST_HOST = "$(BUILT_PRODUCTS_DIR)/MoviesApp.app/MoviesApp";
			};
			name = Release;
		};
/* End XCBuildConfiguration section */

/* Begin XCConfigurationList section */
		743E7DCB20EC8AEB00172A64 /* Build configuration list for PBXProject "MoviesApp" */ = {
			isa = XCConfigurationList;
			buildConfigurations = (
				743E7DEB20EC8AEC00172A64 /* Debug */,
				743E7DEC20EC8AEC00172A64 /* Release */,
			);
			defaultConfigurationIsVisible = 0;
			defaultConfigurationName = Release;
		};
		743E7DED20EC8AEC00172A64 /* Build configuration list for PBXNativeTarget "MoviesApp" */ = {
			isa = XCConfigurationList;
			buildConfigurations = (
				743E7DEE20EC8AEC00172A64 /* Debug */,
				743E7DEF20EC8AEC00172A64 /* Release */,
			);
			defaultConfigurationIsVisible = 0;
			defaultConfigurationName = Release;
		};
		743E7DF020EC8AEC00172A64 /* Build configuration list for PBXNativeTarget "MoviesAppTests" */ = {
			isa = XCConfigurationList;
			buildConfigurations = (
				743E7DF120EC8AEC00172A64 /* Debug */,
				743E7DF220EC8AEC00172A64 /* Release */,
			);
			defaultConfigurationIsVisible = 0;
			defaultConfigurationName = Release;
		};
/* End XCConfigurationList section */
	};
	rootObject = 743E7DC820EC8AEB00172A64 /* Project object */;
}
